
Microsoft Visual Studio Solution File, Format Version 12.00
# Visual Studio Version 16
VisualStudioVersion = 16.0.30225.117
MinimumVisualStudioVersion = 10.0.40219.1
Project("{FAE04EC0-301F-11D3-BF4B-00C04F79EFBC}") = "MCCWebApps", "MCCWebApps\MCCWebApps.csproj", "{9964DB33-FE0D-491F-BDB1-B962D3404FE9}"
EndProject
Global
	GlobalSection(SolutionConfigurationPlatforms) = preSolution
		Debug|Any CPU = Debug|Any CPU
		Release|Any CPU = Release|Any CPU
	EndGlobalSection
	GlobalSection(ProjectConfigurationPlatforms) = postSolution
		{9964DB33-FE0D-491F-BDB1-B962D3404FE9}.Debug|Any CPU.ActiveCfg = Debug|Any CPU
		{9964DB33-FE0D-491F-BDB1-B962D3404FE9}.Debug|Any CPU.Build.0 = Debug|Any CPU
		{9964DB33-FE0D-491F-BDB1-B962D3404FE9}.Release|Any CPU.ActiveCfg = Release|Any CPU
		{9964DB33-FE0D-491F-BDB1-B962D3404FE9}.Release|Any CPU.Build.0 = Release|Any CPU
	EndGlobalSection
	GlobalSection(SolutionProperties) = preSolution
		HideSolutionNode = FALSE
	EndGlobalSection
	GlobalSection(ExtensibilityGlobals) = postSolution
		SolutionGuid = {41DA52DE-0F34-459E-BA91-52E8462C2D08}
	EndGlobalSection
EndGlobal
